
Microsoft Visual Studio Solution File, Format Version 12.00
# Visual Studio Version 16
VisualStudioVersion = 16.0.31515.178
MinimumVisualStudioVersion = 10.0.40219.1
Project("{FAE04EC0-301F-11D3-BF4B-00C04F79EFBC}") = "Semana5_Grupo4_controles de formularios", "Semana5_Grupo4_controles de formularios.csproj", "{7E5386DA-D7B2-4027-BD49-5C045495FCF8}"
EndProject
Global
	GlobalSection(SolutionConfigurationPlatforms) = preSolution
		Debug|Any CPU = Debug|Any CPU
		Release|Any CPU = Release|Any CPU
	EndGlobalSection
	GlobalSection(ProjectConfigurationPlatforms) = postSolution
		{7E5386DA-D7B2-4027-BD49-5C045495FCF8}.Debug|Any CPU.ActiveCfg = Debug|Any CPU
		{7E5386DA-D7B2-4027-BD49-5C045495FCF8}.Debug|Any CPU.Build.0 = Debug|Any CPU
		{7E5386DA-D7B2-4027-BD49-5C045495FCF8}.Release|Any CPU.ActiveCfg = Release|Any CPU
		{7E5386DA-D7B2-4027-BD49-5C045495FCF8}.Release|Any CPU.Build.0 = Release|Any CPU
	EndGlobalSection
	GlobalSection(SolutionProperties) = preSolution
		HideSolutionNode = FALSE
	EndGlobalSection
	GlobalSection(ExtensibilityGlobals) = postSolution
		SolutionGuid = {7D088E06-0565-4C8D-A013-0BD896D04B55}
	EndGlobalSection
EndGlobal
